// !$*UTF8*$!
{
	archiveVersion = 1;
	classes = {
	};
	objectVersion = 48;
	objects = {

/* Begin PBXBuildFile section */
		6ACBF2A7749C4FA7E483E5B1 /* Pods_tryWebApiAndSaveToRealm.framework in Frameworks */ = {isa = PBXBuildFile; fileRef = 0E2A027F7E2230A84A444BE3 /* Pods_tryWebApiAndSaveToRealm.framework */; };
		AD191487218EEFC000CD5B2F /* CodesDumper.swift in Sources */ = {isa = PBXBuildFile; fileRef = AD191486218EEFC000CD5B2F /* CodesDumper.swift */; };
		AD191489218EF09300CD5B2F /* CodeReportState.swift in Sources */ = {isa = PBXBuildFile; fileRef = AD191488218EF09300CD5B2F /* CodeReportState.swift */; };
		AD24E305217F74D8008E35F8 /* ReachabilityManager.swift in Sources */ = {isa = PBXBuildFile; fileRef = AD24E304217F74D8008E35F8 /* ReachabilityManager.swift */; };
		AD24E30821806C3A008E35F8 /* WiFiConnectionView.xib in Resources */ = {isa = PBXBuildFile; fileRef = AD24E30721806C3A008E35F8 /* WiFiConnectionView.xib */; };
		AD24E30A21806C4A008E35F8 /* WiFiConnectionView.swift in Sources */ = {isa = PBXBuildFile; fileRef = AD24E30921806C4A008E35F8 /* WiFiConnectionView.swift */; };
		AD24E30C21807243008E35F8 /* ModelStructsAndNamespaces.swift in Sources */ = {isa = PBXBuildFile; fileRef = AD24E30B21807243008E35F8 /* ModelStructsAndNamespaces.swift */; };
		AD28F6F12182122200A41BB8 /* RxExtensions.swift in Sources */ = {isa = PBXBuildFile; fileRef = AD28F6F02182122200A41BB8 /* RxExtensions.swift */; };
		AD295221217B5B24002DDE32 /* AppDelegate.swift in Sources */ = {isa = PBXBuildFile; fileRef = AD29521C217B5B23002DDE32 /* AppDelegate.swift */; };
		AD295222217B5B24002DDE32 /* Model.swift in Sources */ = {isa = PBXBuildFile; fileRef = AD29521D217B5B23002DDE32 /* Model.swift */; };
		AD295223217B5B24002DDE32 /* AlwaysExtensions.swift in Sources */ = {isa = PBXBuildFile; fileRef = AD29521E217B5B23002DDE32 /* AlwaysExtensions.swift */; };
		AD295224217B5B24002DDE32 /* RoomsVC.swift in Sources */ = {isa = PBXBuildFile; fileRef = AD29521F217B5B23002DDE32 /* RoomsVC.swift */; };
		AD295225217B5B24002DDE32 /* APIController.swift in Sources */ = {isa = PBXBuildFile; fileRef = AD295220217B5B24002DDE32 /* APIController.swift */; };
		AD295227217B5C64002DDE32 /* Main.storyboard in Resources */ = {isa = PBXBuildFile; fileRef = AD295226217B5C64002DDE32 /* Main.storyboard */; };
		AD29522D217B5EB0002DDE32 /* RoomViewModel.swift in Sources */ = {isa = PBXBuildFile; fileRef = AD29522C217B5EB0002DDE32 /* RoomViewModel.swift */; };
		AD4DCF02218EFFCF0054527E /* GlobalFuncs.swift in Sources */ = {isa = PBXBuildFile; fileRef = AD4DCF01218EFFCF0054527E /* GlobalFuncs.swift */; };
		AD53A01F217B577500A3F9FC /* LaunchScreen.storyboard in Resources */ = {isa = PBXBuildFile; fileRef = AD53A01D217B577500A3F9FC /* LaunchScreen.storyboard */; };
		AD5814AF2189B1AC009C593F /* CodeReport.swift in Sources */ = {isa = PBXBuildFile; fileRef = AD5814AE2189B1AC009C593F /* CodeReport.swift */; };
		AD697BD221885AF2002BC579 /* RealmDataPersister.swift in Sources */ = {isa = PBXBuildFile; fileRef = AD697BD121885AF2002BC579 /* RealmDataPersister.swift */; };
		AD697BD52188623A002BC579 /* GlobalVars.swift in Sources */ = {isa = PBXBuildFile; fileRef = AD697BD42188623A002BC579 /* GlobalVars.swift */; };
		AD697BD821887CCE002BC579 /* ResourcesState.swift in Sources */ = {isa = PBXBuildFile; fileRef = AD697BD721887CCE002BC579 /* ResourcesState.swift */; };
		AD69BB6A2190948200EF80F9 /* UnsyncScansViewModel.swift in Sources */ = {isa = PBXBuildFile; fileRef = AD69BB692190948200EF80F9 /* UnsyncScansViewModel.swift */; };
		AD80EFFA217DCDEA003CEDD0 /* Room.swift in Sources */ = {isa = PBXBuildFile; fileRef = AD80EFF9217DCDEA003CEDD0 /* Room.swift */; };
		AD80EFFC217DCE27003CEDD0 /* Block.swift in Sources */ = {isa = PBXBuildFile; fileRef = AD80EFFB217DCE27003CEDD0 /* Block.swift */; };
		AD80EFFE217DD87D003CEDD0 /* ScannerVC.swift in Sources */ = {isa = PBXBuildFile; fileRef = AD80EFFD217DD87D003CEDD0 /* ScannerVC.swift */; };
		AD80F002217DE65C003CEDD0 /* ModelData.swift in Sources */ = {isa = PBXBuildFile; fileRef = AD80F001217DE65C003CEDD0 /* ModelData.swift */; };
		AD993AAF217B9D2000803BE2 /* BlocksVC.swift in Sources */ = {isa = PBXBuildFile; fileRef = AD993AAE217B9D2000803BE2 /* BlocksVC.swift */; };
		AD993AB3217BAA8800803BE2 /* BlockViewModel.swift in Sources */ = {isa = PBXBuildFile; fileRef = AD993AB2217BAA8800803BE2 /* BlockViewModel.swift */; };
		AD993AB5217BC6C000803BE2 /* SettingsVC.swift in Sources */ = {isa = PBXBuildFile; fileRef = AD993AB4217BC6C000803BE2 /* SettingsVC.swift */; };
		AD993AB7217BC79400803BE2 /* SettingsViewModel.swift in Sources */ = {isa = PBXBuildFile; fileRef = AD993AB6217BC79400803BE2 /* SettingsViewModel.swift */; };
		ADA47212217F458D0078530E /* ScannerViewModel.swift in Sources */ = {isa = PBXBuildFile; fileRef = ADA47211217F458D0078530E /* ScannerViewModel.swift */; };
		ADAE9C242189F57D00615125 /* AVSessionViewModel.swift in Sources */ = {isa = PBXBuildFile; fileRef = ADAE9C232189F57D00615125 /* AVSessionViewModel.swift */; };
		ADAE9C2E2189F5F500615125 /* Global.swift in Sources */ = {isa = PBXBuildFile; fileRef = ADAE9C262189F5F400615125 /* Global.swift */; };
		ADAE9C2F2189F5F500615125 /* RxAVCaptureVideoDataOutputSampleBufferDelegate.swift in Sources */ = {isa = PBXBuildFile; fileRef = ADAE9C272189F5F400615125 /* RxAVCaptureVideoDataOutputSampleBufferDelegate.swift */; };
		ADAE9C302189F5F500615125 /* AVCaptureSession+Rx.swift in Sources */ = {isa = PBXBuildFile; fileRef = ADAE9C282189F5F400615125 /* AVCaptureSession+Rx.swift */; };
		ADAE9C312189F5F500615125 /* RxAVCaptureDataOutputSynchronizerDelegate.swift in Sources */ = {isa = PBXBuildFile; fileRef = ADAE9C292189F5F500615125 /* RxAVCaptureDataOutputSynchronizerDelegate.swift */; };
		ADAE9C322189F5F500615125 /* RxAVCaptureMetadataCaptureDelegate.swift in Sources */ = {isa = PBXBuildFile; fileRef = ADAE9C2A2189F5F500615125 /* RxAVCaptureMetadataCaptureDelegate.swift */; };
		ADAE9C332189F5F500615125 /* RxAVCapturePhotoCaptureDelegate.swift in Sources */ = {isa = PBXBuildFile; fileRef = ADAE9C2C2189F5F500615125 /* RxAVCapturePhotoCaptureDelegate.swift */; };
		ADAE9C342189F5F500615125 /* RxAVCaptureDepthDataOutputDelegate.swift in Sources */ = {isa = PBXBuildFile; fileRef = ADAE9C2D2189F5F500615125 /* RxAVCaptureDepthDataOutputDelegate.swift */; };
		ADAE9C37218AFDB400615125 /* AlertWithRx.swift in Sources */ = {isa = PBXBuildFile; fileRef = ADAE9C36218AFDB400615125 /* AlertWithRx.swift */; };
		ADAE9C39218B08EA00615125 /* Assets.xcassets in Resources */ = {isa = PBXBuildFile; fileRef = ADAE9C38218B08EA00615125 /* Assets.xcassets */; };
		ADB2739E218078DD00345A5E /* UnsyncedScansView.xib in Resources */ = {isa = PBXBuildFile; fileRef = ADB2739C218078DC00345A5E /* UnsyncedScansView.xib */; };
		ADB2739F218078DD00345A5E /* UnsyncedScansView.swift in Sources */ = {isa = PBXBuildFile; fileRef = ADB2739D218078DC00345A5E /* UnsyncedScansView.swift */; };
		ADB273A521807EFD00345A5E /* AutoSelectSessionsView.swift in Sources */ = {isa = PBXBuildFile; fileRef = ADB273A321807EFD00345A5E /* AutoSelectSessionsView.swift */; };
		ADB273A621807EFD00345A5E /* AutoSelectSessionsView.xib in Resources */ = {isa = PBXBuildFile; fileRef = ADB273A421807EFD00345A5E /* AutoSelectSessionsView.xib */; };
		ADB64DA1217E23C00094EC45 /* Localizable.strings in Resources */ = {isa = PBXBuildFile; fileRef = ADB64DA0217E23C00094EC45 /* Localizable.strings */; };
		ADBCCB472180973E009D7753 /* AutoSelSessionViewModel.swift in Sources */ = {isa = PBXBuildFile; fileRef = ADBCCB462180973E009D7753 /* AutoSelSessionViewModel.swift */; };
/* End PBXBuildFile section */

/* Begin PBXFileReference section */
		0E2A027F7E2230A84A444BE3 /* Pods_tryWebApiAndSaveToRealm.framework */ = {isa = PBXFileReference; explicitFileType = wrapper.framework; includeInIndex = 0; path = Pods_tryWebApiAndSaveToRealm.framework; sourceTree = BUILT_PRODUCTS_DIR; };
		42401D957459EB725DCF69A0 /* Pods-tryWebApiAndSaveToRealm.release.xcconfig */ = {isa = PBXFileReference; includeInIndex = 1; lastKnownFileType = text.xcconfig; name = "Pods-tryWebApiAndSaveToRealm.release.xcconfig"; path = "Pods/Target Support Files/Pods-tryWebApiAndSaveToRealm/Pods-tryWebApiAndSaveToRealm.release.xcconfig"; sourceTree = "<group>"; };
		5417D6DCB607BDFB0EEA9675 /* Pods-tryWebApiAndSaveToRealm.debug.xcconfig */ = {isa = PBXFileReference; includeInIndex = 1; lastKnownFileType = text.xcconfig; name = "Pods-tryWebApiAndSaveToRealm.debug.xcconfig"; path = "Pods/Target Support Files/Pods-tryWebApiAndSaveToRealm/Pods-tryWebApiAndSaveToRealm.debug.xcconfig"; sourceTree = "<group>"; };
		AD191486218EEFC000CD5B2F /* CodesDumper.swift */ = {isa = PBXFileReference; lastKnownFileType = sourcecode.swift; path = CodesDumper.swift; sourceTree = "<group>"; };
		AD191488218EF09300CD5B2F /* CodeReportState.swift */ = {isa = PBXFileReference; lastKnownFileType = sourcecode.swift; path = CodeReportState.swift; sourceTree = "<group>"; };
		AD24E304217F74D8008E35F8 /* ReachabilityManager.swift */ = {isa = PBXFileReference; lastKnownFileType = sourcecode.swift; path = ReachabilityManager.swift; sourceTree = "<group>"; };
		AD24E30721806C3A008E35F8 /* WiFiConnectionView.xib */ = {isa = PBXFileReference; lastKnownFileType = file.xib; path = WiFiConnectionView.xib; sourceTree = "<group>"; };
		AD24E30921806C4A008E35F8 /* WiFiConnectionView.swift */ = {isa = PBXFileReference; lastKnownFileType = sourcecode.swift; path = WiFiConnectionView.swift; sourceTree = "<group>"; };
		AD24E30B21807243008E35F8 /* ModelStructsAndNamespaces.swift */ = {isa = PBXFileReference; lastKnownFileType = sourcecode.swift; path = ModelStructsAndNamespaces.swift; sourceTree = "<group>"; };
		AD28F6F02182122200A41BB8 /* RxExtensions.swift */ = {isa = PBXFileReference; lastKnownFileType = sourcecode.swift; path = RxExtensions.swift; sourceTree = "<group>"; };
		AD29521C217B5B23002DDE32 /* AppDelegate.swift */ = {isa = PBXFileReference; fileEncoding = 4; lastKnownFileType = sourcecode.swift; name = AppDelegate.swift; path = ../../tryObservableWebApiAndRealm/tryObservableWebApiAndRealm/AppDelegate.swift; sourceTree = "<group>"; };
		AD29521D217B5B23002DDE32 /* Model.swift */ = {isa = PBXFileReference; fileEncoding = 4; lastKnownFileType = sourcecode.swift; path = Model.swift; sourceTree = "<group>"; };
		AD29521E217B5B23002DDE32 /* AlwaysExtensions.swift */ = {isa = PBXFileReference; fileEncoding = 4; lastKnownFileType = sourcecode.swift; path = AlwaysExtensions.swift; sourceTree = "<group>"; };
		AD29521F217B5B23002DDE32 /* RoomsVC.swift */ = {isa = PBXFileReference; fileEncoding = 4; lastKnownFileType = sourcecode.swift; path = RoomsVC.swift; sourceTree = "<group>"; };
		AD295220217B5B24002DDE32 /* APIController.swift */ = {isa = PBXFileReference; fileEncoding = 4; lastKnownFileType = sourcecode.swift; path = APIController.swift; sourceTree = "<group>"; };
		AD295226217B5C64002DDE32 /* Main.storyboard */ = {isa = PBXFileReference; fileEncoding = 4; lastKnownFileType = file.storyboard; path = Main.storyboard; sourceTree = "<group>"; };
		AD29522C217B5EB0002DDE32 /* RoomViewModel.swift */ = {isa = PBXFileReference; lastKnownFileType = sourcecode.swift; path = RoomViewModel.swift; sourceTree = "<group>"; };
		AD4DCF01218EFFCF0054527E /* GlobalFuncs.swift */ = {isa = PBXFileReference; lastKnownFileType = sourcecode.swift; path = GlobalFuncs.swift; sourceTree = "<group>"; };
		AD53A011217B577400A3F9FC /* tryWebApiAndSaveToRealm.app */ = {isa = PBXFileReference; explicitFileType = wrapper.application; includeInIndex = 0; path = tryWebApiAndSaveToRealm.app; sourceTree = BUILT_PRODUCTS_DIR; };
		AD53A01E217B577500A3F9FC /* Base */ = {isa = PBXFileReference; lastKnownFileType = file.storyboard; name = Base; path = Base.lproj/LaunchScreen.storyboard; sourceTree = "<group>"; };
		AD53A020217B577500A3F9FC /* Info.plist */ = {isa = PBXFileReference; lastKnownFileType = text.plist.xml; path = Info.plist; sourceTree = "<group>"; };
		AD5814AE2189B1AC009C593F /* CodeReport.swift */ = {isa = PBXFileReference; lastKnownFileType = sourcecode.swift; path = CodeReport.swift; sourceTree = "<group>"; };
		AD697BD121885AF2002BC579 /* RealmDataPersister.swift */ = {isa = PBXFileReference; lastKnownFileType = sourcecode.swift; path = RealmDataPersister.swift; sourceTree = "<group>"; };
		AD697BD42188623A002BC579 /* GlobalVars.swift */ = {isa = PBXFileReference; lastKnownFileType = sourcecode.swift; path = GlobalVars.swift; sourceTree = "<group>"; };
		AD697BD721887CCE002BC579 /* ResourcesState.swift */ = {isa = PBXFileReference; lastKnownFileType = sourcecode.swift; path = ResourcesState.swift; sourceTree = "<group>"; };
		AD69BB692190948200EF80F9 /* UnsyncScansViewModel.swift */ = {isa = PBXFileReference; lastKnownFileType = sourcecode.swift; path = UnsyncScansViewModel.swift; sourceTree = "<group>"; };
		AD80EFF9217DCDEA003CEDD0 /* Room.swift */ = {isa = PBXFileReference; lastKnownFileType = sourcecode.swift; path = Room.swift; sourceTree = "<group>"; };
		AD80EFFB217DCE27003CEDD0 /* Block.swift */ = {isa = PBXFileReference; lastKnownFileType = sourcecode.swift; path = Block.swift; sourceTree = "<group>"; };
		AD80EFFD217DD87D003CEDD0 /* ScannerVC.swift */ = {isa = PBXFileReference; lastKnownFileType = sourcecode.swift; path = ScannerVC.swift; sourceTree = "<group>"; };
		AD80F001217DE65C003CEDD0 /* ModelData.swift */ = {isa = PBXFileReference; lastKnownFileType = sourcecode.swift; path = ModelData.swift; sourceTree = "<group>"; };
		AD993AAE217B9D2000803BE2 /* BlocksVC.swift */ = {isa = PBXFileReference; lastKnownFileType = sourcecode.swift; path = BlocksVC.swift; sourceTree = "<group>"; };
		AD993AB2217BAA8800803BE2 /* BlockViewModel.swift */ = {isa = PBXFileReference; lastKnownFileType = sourcecode.swift; path = BlockViewModel.swift; sourceTree = "<group>"; };
		AD993AB4217BC6C000803BE2 /* SettingsVC.swift */ = {isa = PBXFileReference; lastKnownFileType = sourcecode.swift; path = SettingsVC.swift; sourceTree = "<group>"; };
		AD993AB6217BC79400803BE2 /* SettingsViewModel.swift */ = {isa = PBXFileReference; lastKnownFileType = sourcecode.swift; path = SettingsViewModel.swift; sourceTree = "<group>"; };
		ADA47211217F458D0078530E /* ScannerViewModel.swift */ = {isa = PBXFileReference; lastKnownFileType = sourcecode.swift; path = ScannerViewModel.swift; sourceTree = "<group>"; };
		ADAE9C232189F57D00615125 /* AVSessionViewModel.swift */ = {isa = PBXFileReference; fileEncoding = 4; lastKnownFileType = sourcecode.swift; path = AVSessionViewModel.swift; sourceTree = "<group>"; };
		ADAE9C262189F5F400615125 /* Global.swift */ = {isa = PBXFileReference; fileEncoding = 4; lastKnownFileType = sourcecode.swift; path = Global.swift; sourceTree = "<group>"; };
		ADAE9C272189F5F400615125 /* RxAVCaptureVideoDataOutputSampleBufferDelegate.swift */ = {isa = PBXFileReference; fileEncoding = 4; lastKnownFileType = sourcecode.swift; path = RxAVCaptureVideoDataOutputSampleBufferDelegate.swift; sourceTree = "<group>"; };
		ADAE9C282189F5F400615125 /* AVCaptureSession+Rx.swift */ = {isa = PBXFileReference; fileEncoding = 4; lastKnownFileType = sourcecode.swift; path = "AVCaptureSession+Rx.swift"; sourceTree = "<group>"; };
		ADAE9C292189F5F500615125 /* RxAVCaptureDataOutputSynchronizerDelegate.swift */ = {isa = PBXFileReference; fileEncoding = 4; lastKnownFileType = sourcecode.swift; path = RxAVCaptureDataOutputSynchronizerDelegate.swift; sourceTree = "<group>"; };
		ADAE9C2A2189F5F500615125 /* RxAVCaptureMetadataCaptureDelegate.swift */ = {isa = PBXFileReference; fileEncoding = 4; lastKnownFileType = sourcecode.swift; path = RxAVCaptureMetadataCaptureDelegate.swift; sourceTree = "<group>"; };
		ADAE9C2B2189F5F500615125 /* RxAVFoundation.h */ = {isa = PBXFileReference; fileEncoding = 4; lastKnownFileType = sourcecode.c.h; path = RxAVFoundation.h; sourceTree = "<group>"; };
		ADAE9C2C2189F5F500615125 /* RxAVCapturePhotoCaptureDelegate.swift */ = {isa = PBXFileReference; fileEncoding = 4; lastKnownFileType = sourcecode.swift; path = RxAVCapturePhotoCaptureDelegate.swift; sourceTree = "<group>"; };
		ADAE9C2D2189F5F500615125 /* RxAVCaptureDepthDataOutputDelegate.swift */ = {isa = PBXFileReference; fileEncoding = 4; lastKnownFileType = sourcecode.swift; path = RxAVCaptureDepthDataOutputDelegate.swift; sourceTree = "<group>"; };
		ADAE9C36218AFDB400615125 /* AlertWithRx.swift */ = {isa = PBXFileReference; lastKnownFileType = sourcecode.swift; path = AlertWithRx.swift; sourceTree = "<group>"; };
		ADAE9C38218B08EA00615125 /* Assets.xcassets */ = {isa = PBXFileReference; lastKnownFileType = folder.assetcatalog; path = Assets.xcassets; sourceTree = "<group>"; };
		ADB2739C218078DC00345A5E /* UnsyncedScansView.xib */ = {isa = PBXFileReference; fileEncoding = 4; lastKnownFileType = file.xib; path = UnsyncedScansView.xib; sourceTree = "<group>"; };
		ADB2739D218078DC00345A5E /* UnsyncedScansView.swift */ = {isa = PBXFileReference; fileEncoding = 4; lastKnownFileType = sourcecode.swift; path = UnsyncedScansView.swift; sourceTree = "<group>"; };
		ADB273A321807EFD00345A5E /* AutoSelectSessionsView.swift */ = {isa = PBXFileReference; fileEncoding = 4; lastKnownFileType = sourcecode.swift; path = AutoSelectSessionsView.swift; sourceTree = "<group>"; };
		ADB273A421807EFD00345A5E /* AutoSelectSessionsView.xib */ = {isa = PBXFileReference; fileEncoding = 4; lastKnownFileType = file.xib; path = AutoSelectSessionsView.xib; sourceTree = "<group>"; };
		ADB64DA0217E23C00094EC45 /* Localizable.strings */ = {isa = PBXFileReference; lastKnownFileType = text.plist.strings; path = Localizable.strings; sourceTree = "<group>"; };
		ADBCCB462180973E009D7753 /* AutoSelSessionViewModel.swift */ = {isa = PBXFileReference; lastKnownFileType = sourcecode.swift; path = AutoSelSessionViewModel.swift; sourceTree = "<group>"; };
/* End PBXFileReference section */

/* Begin PBXFrameworksBuildPhase section */
		AD53A00E217B577400A3F9FC /* Frameworks */ = {
			isa = PBXFrameworksBuildPhase;
			buildActionMask = 2147483647;
			files = (
				6ACBF2A7749C4FA7E483E5B1 /* Pods_tryWebApiAndSaveToRealm.framework in Frameworks */,
			);
			runOnlyForDeploymentPostprocessing = 0;
		};
/* End PBXFrameworksBuildPhase section */

/* Begin PBXGroup section */
		1E90DB33E979B38F4610E577 /* Frameworks */ = {
			isa = PBXGroup;
			children = (
				0E2A027F7E2230A84A444BE3 /* Pods_tryWebApiAndSaveToRealm.framework */,
			);
			name = Frameworks;
			sourceTree = "<group>";
		};
		AD24E303217F74C8008E35F8 /* Services */ = {
			isa = PBXGroup;
			children = (
				AD24E304217F74D8008E35F8 /* ReachabilityManager.swift */,
			);
			path = Services;
			sourceTree = "<group>";
		};
		AD24E30621806C22008E35F8 /* Views */ = {
			isa = PBXGroup;
			children = (
				ADB273A421807EFD00345A5E /* AutoSelectSessionsView.xib */,
				ADB273A321807EFD00345A5E /* AutoSelectSessionsView.swift */,
				ADB2739C218078DC00345A5E /* UnsyncedScansView.xib */,
				ADB2739D218078DC00345A5E /* UnsyncedScansView.swift */,
				AD24E30721806C3A008E35F8 /* WiFiConnectionView.xib */,
				AD24E30921806C4A008E35F8 /* WiFiConnectionView.swift */,
			);
			path = Views;
			sourceTree = "<group>";
		};
		AD28F6EF2182120A00A41BB8 /* Extensions */ = {
			isa = PBXGroup;
			children = (
				ADAE9C35218AFD8700615125 /* AlertWithRx */,
				AD29521E217B5B23002DDE32 /* AlwaysExtensions.swift */,
				AD28F6F02182122200A41BB8 /* RxExtensions.swift */,
			);
			path = Extensions;
			sourceTree = "<group>";
		};
		AD295228217B5E6F002DDE32 /* ViewModel */ = {
			isa = PBXGroup;
			children = (
				AD29522C217B5EB0002DDE32 /* RoomViewModel.swift */,
				AD993AB2217BAA8800803BE2 /* BlockViewModel.swift */,
				AD993AB6217BC79400803BE2 /* SettingsViewModel.swift */,
				ADA47211217F458D0078530E /* ScannerViewModel.swift */,
				ADAE9C232189F57D00615125 /* AVSessionViewModel.swift */,
				ADBCCB462180973E009D7753 /* AutoSelSessionViewModel.swift */,
				AD69BB692190948200EF80F9 /* UnsyncScansViewModel.swift */,
			);
			path = ViewModel;
			sourceTree = "<group>";
		};
		AD295229217B5E77002DDE32 /* ViewController */ = {
			isa = PBXGroup;
			children = (
				AD29521F217B5B23002DDE32 /* RoomsVC.swift */,
				AD80EFFD217DD87D003CEDD0 /* ScannerVC.swift */,
				AD993AAE217B9D2000803BE2 /* BlocksVC.swift */,
				AD993AB4217BC6C000803BE2 /* SettingsVC.swift */,
			);
			path = ViewController;
			sourceTree = "<group>";
		};
		AD29522A217B5E8A002DDE32 /* APIController */ = {
			isa = PBXGroup;
			children = (
				AD295220217B5B24002DDE32 /* APIController.swift */,
			);
			path = APIController;
			sourceTree = "<group>";
		};
		AD29522B217B5E98002DDE32 /* Model */ = {
			isa = PBXGroup;
			children = (
				AD29521D217B5B23002DDE32 /* Model.swift */,
				AD80EFF9217DCDEA003CEDD0 /* Room.swift */,
				AD80EFFB217DCE27003CEDD0 /* Block.swift */,
				AD5814AE2189B1AC009C593F /* CodeReport.swift */,
				AD697BD121885AF2002BC579 /* RealmDataPersister.swift */,
			);
			path = Model;
			sourceTree = "<group>";
		};
		AD53A008217B577400A3F9FC = {
			isa = PBXGroup;
			children = (
				AD53A013217B577400A3F9FC /* tryWebApiAndSaveToRealm */,
				AD53A012217B577400A3F9FC /* Products */,
				C144544588EC78E4B476DBC2 /* Pods */,
				1E90DB33E979B38F4610E577 /* Frameworks */,
			);
			sourceTree = "<group>";
		};
		AD53A012217B577400A3F9FC /* Products */ = {
			isa = PBXGroup;
			children = (
				AD53A011217B577400A3F9FC /* tryWebApiAndSaveToRealm.app */,
			);
			name = Products;
			sourceTree = "<group>";
		};
		AD53A013217B577400A3F9FC /* tryWebApiAndSaveToRealm */ = {
			isa = PBXGroup;
			children = (
				ADAE9C252189F5DB00615125 /* AVCaptureSession+Rx */,
				AD697BD621887CC3002BC579 /* ResourcesStateAndCodeReportsState */,
				AD697BD32188622B002BC579 /* Globals */,
				AD28F6EF2182120A00A41BB8 /* Extensions */,
				AD24E30621806C22008E35F8 /* Views */,
				AD24E303217F74C8008E35F8 /* Services */,
				AD80F000217DE651003CEDD0 /* ModelData */,
				AD29522B217B5E98002DDE32 /* Model */,
				AD29522A217B5E8A002DDE32 /* APIController */,
				AD295229217B5E77002DDE32 /* ViewController */,
				AD295228217B5E6F002DDE32 /* ViewModel */,
				AD29521C217B5B23002DDE32 /* AppDelegate.swift */,
				ADAE9C38218B08EA00615125 /* Assets.xcassets */,
				AD295226217B5C64002DDE32 /* Main.storyboard */,
				AD53A01D217B577500A3F9FC /* LaunchScreen.storyboard */,
				AD53A020217B577500A3F9FC /* Info.plist */,
				ADB64DA0217E23C00094EC45 /* Localizable.strings */,
			);
			path = tryWebApiAndSaveToRealm;
			sourceTree = "<group>";
		};
		AD697BD32188622B002BC579 /* Globals */ = {
			isa = PBXGroup;
			children = (
				AD697BD42188623A002BC579 /* GlobalVars.swift */,
				AD4DCF01218EFFCF0054527E /* GlobalFuncs.swift */,
			);
			path = Globals;
			sourceTree = "<group>";
		};
		AD697BD621887CC3002BC579 /* ResourcesStateAndCodeReportsState */ = {
			isa = PBXGroup;
			children = (
				AD697BD721887CCE002BC579 /* ResourcesState.swift */,
				AD191486218EEFC000CD5B2F /* CodesDumper.swift */,
				AD191488218EF09300CD5B2F /* CodeReportState.swift */,
			);
			path = ResourcesStateAndCodeReportsState;
			sourceTree = "<group>";
		};
		AD80F000217DE651003CEDD0 /* ModelData */ = {
			isa = PBXGroup;
			children = (
				AD80F001217DE65C003CEDD0 /* ModelData.swift */,
				AD24E30B21807243008E35F8 /* ModelStructsAndNamespaces.swift */,
			);
			path = ModelData;
			sourceTree = "<group>";
		};
		ADAE9C252189F5DB00615125 /* AVCaptureSession+Rx */ = {
			isa = PBXGroup;
			children = (
				ADAE9C282189F5F400615125 /* AVCaptureSession+Rx.swift */,
				ADAE9C262189F5F400615125 /* Global.swift */,
				ADAE9C292189F5F500615125 /* RxAVCaptureDataOutputSynchronizerDelegate.swift */,
				ADAE9C2D2189F5F500615125 /* RxAVCaptureDepthDataOutputDelegate.swift */,
				ADAE9C2A2189F5F500615125 /* RxAVCaptureMetadataCaptureDelegate.swift */,
				ADAE9C2C2189F5F500615125 /* RxAVCapturePhotoCaptureDelegate.swift */,
				ADAE9C272189F5F400615125 /* RxAVCaptureVideoDataOutputSampleBufferDelegate.swift */,
				ADAE9C2B2189F5F500615125 /* RxAVFoundation.h */,
			);
			path = "AVCaptureSession+Rx";
			sourceTree = "<group>";
		};
		ADAE9C35218AFD8700615125 /* AlertWithRx */ = {
			isa = PBXGroup;
			children = (
				ADAE9C36218AFDB400615125 /* AlertWithRx.swift */,
			);
			path = AlertWithRx;
			sourceTree = "<group>";
		};
		C144544588EC78E4B476DBC2 /* Pods */ = {
			isa = PBXGroup;
			children = (
				5417D6DCB607BDFB0EEA9675 /* Pods-tryWebApiAndSaveToRealm.debug.xcconfig */,
				42401D957459EB725DCF69A0 /* Pods-tryWebApiAndSaveToRealm.release.xcconfig */,
			);
			name = Pods;
			sourceTree = "<group>";
		};
/* End PBXGroup section */

/* Begin PBXNativeTarget section */
		AD53A010217B577400A3F9FC /* tryWebApiAndSaveToRealm */ = {
			isa = PBXNativeTarget;
			buildConfigurationList = AD53A023217B577500A3F9FC /* Build configuration list for PBXNativeTarget "tryWebApiAndSaveToRealm" */;
			buildPhases = (
				8E39548BC17440055A117A5C /* [CP] Check Pods Manifest.lock */,
				AD53A00D217B577400A3F9FC /* Sources */,
				AD53A00E217B577400A3F9FC /* Frameworks */,
				AD53A00F217B577400A3F9FC /* Resources */,
				8EB40F1C4C106B31B206088A /* [CP] Embed Pods Frameworks */,
			);
			buildRules = (
			);
			dependencies = (
			);
			name = tryWebApiAndSaveToRealm;
			productName = tryWebApiAndSaveToRealm;
			productReference = AD53A011217B577400A3F9FC /* tryWebApiAndSaveToRealm.app */;
			productType = "com.apple.product-type.application";
		};
/* End PBXNativeTarget section */

/* Begin PBXProject section */
		AD53A009217B577400A3F9FC /* Project object */ = {
			isa = PBXProject;
			attributes = {
				LastSwiftUpdateCheck = 1000;
				LastUpgradeCheck = 1000;
				ORGANIZATIONNAME = Navus;
				TargetAttributes = {
					AD53A010217B577400A3F9FC = {
						CreatedOnToolsVersion = 10.0;
						ProvisioningStyle = Automatic;
					};
				};
			};
			buildConfigurationList = AD53A00C217B577400A3F9FC /* Build configuration list for PBXProject "tryWebApiAndSaveToRealm" */;
			compatibilityVersion = "Xcode 8.0";
			developmentRegion = en;
			hasScannedForEncodings = 0;
			knownRegions = (
				en,
				Base,
			);
			mainGroup = AD53A008217B577400A3F9FC;
			productRefGroup = AD53A012217B577400A3F9FC /* Products */;
			projectDirPath = "";
			projectRoot = "";
			targets = (
				AD53A010217B577400A3F9FC /* tryWebApiAndSaveToRealm */,
			);
		};
/* End PBXProject section */

/* Begin PBXResourcesBuildPhase section */
		AD53A00F217B577400A3F9FC /* Resources */ = {
			isa = PBXResourcesBuildPhase;
			buildActionMask = 2147483647;
			files = (
				ADB2739E218078DD00345A5E /* UnsyncedScansView.xib in Resources */,
				AD295227217B5C64002DDE32 /* Main.storyboard in Resources */,
				ADB64DA1217E23C00094EC45 /* Localizable.strings in Resources */,
				AD53A01F217B577500A3F9FC /* LaunchScreen.storyboard in Resources */,
				ADAE9C39218B08EA00615125 /* Assets.xcassets in Resources */,
				ADB273A621807EFD00345A5E /* AutoSelectSessionsView.xib in Resources */,
				AD24E30821806C3A008E35F8 /* WiFiConnectionView.xib in Resources */,
			);
			runOnlyForDeploymentPostprocessing = 0;
		};
/* End PBXResourcesBuildPhase section */

/* Begin PBXShellScriptBuildPhase section */
		8E39548BC17440055A117A5C /* [CP] Check Pods Manifest.lock */ = {
			isa = PBXShellScriptBuildPhase;
			buildActionMask = 2147483647;
			files = (
			);
			inputPaths = (
				"${PODS_PODFILE_DIR_PATH}/Podfile.lock",
				"${PODS_ROOT}/Manifest.lock",
			);
			name = "[CP] Check Pods Manifest.lock";
			outputPaths = (
				"$(DERIVED_FILE_DIR)/Pods-tryWebApiAndSaveToRealm-checkManifestLockResult.txt",
			);
			runOnlyForDeploymentPostprocessing = 0;
			shellPath = /bin/sh;
			shellScript = "diff \"${PODS_PODFILE_DIR_PATH}/Podfile.lock\" \"${PODS_ROOT}/Manifest.lock\" > /dev/null\nif [ $? != 0 ] ; then\n    # print error to STDERR\n    echo \"error: The sandbox is not in sync with the Podfile.lock. Run 'pod install' or update your CocoaPods installation.\" >&2\n    exit 1\nfi\n# This output is used by Xcode 'outputs' to avoid re-running this script phase.\necho \"SUCCESS\" > \"${SCRIPT_OUTPUT_FILE_0}\"\n";
			showEnvVarsInLog = 0;
		};
		8EB40F1C4C106B31B206088A /* [CP] Embed Pods Frameworks */ = {
			isa = PBXShellScriptBuildPhase;
			buildActionMask = 2147483647;
			files = (
			);
			inputPaths = (
				"${SRCROOT}/Pods/Target Support Files/Pods-tryWebApiAndSaveToRealm/Pods-tryWebApiAndSaveToRealm-frameworks.sh",
				"${BUILT_PRODUCTS_DIR}/Differentiator/Differentiator.framework",
				"${BUILT_PRODUCTS_DIR}/ReachabilitySwift/Reachability.framework",
				"${BUILT_PRODUCTS_DIR}/Realm/Realm.framework",
				"${BUILT_PRODUCTS_DIR}/RealmSwift/RealmSwift.framework",
				"${BUILT_PRODUCTS_DIR}/RxCocoa/RxCocoa.framework",
				"${BUILT_PRODUCTS_DIR}/RxDataSources/RxDataSources.framework",
				"${BUILT_PRODUCTS_DIR}/RxRealm/RxRealm.framework",
				"${BUILT_PRODUCTS_DIR}/RxRealmDataSources/RxRealmDataSources.framework",
				"${BUILT_PRODUCTS_DIR}/RxSwift/RxSwift.framework",
				"${BUILT_PRODUCTS_DIR}/SwiftyJSON/SwiftyJSON.framework",
			);
			name = "[CP] Embed Pods Frameworks";
			outputPaths = (
				"${TARGET_BUILD_DIR}/${FRAMEWORKS_FOLDER_PATH}/Differentiator.framework",
				"${TARGET_BUILD_DIR}/${FRAMEWORKS_FOLDER_PATH}/Reachability.framework",
				"${TARGET_BUILD_DIR}/${FRAMEWORKS_FOLDER_PATH}/Realm.framework",
				"${TARGET_BUILD_DIR}/${FRAMEWORKS_FOLDER_PATH}/RealmSwift.framework",
				"${TARGET_BUILD_DIR}/${FRAMEWORKS_FOLDER_PATH}/RxCocoa.framework",
				"${TARGET_BUILD_DIR}/${FRAMEWORKS_FOLDER_PATH}/RxDataSources.framework",
				"${TARGET_BUILD_DIR}/${FRAMEWORKS_FOLDER_PATH}/RxRealm.framework",
				"${TARGET_BUILD_DIR}/${FRAMEWORKS_FOLDER_PATH}/RxRealmDataSources.framework",
				"${TARGET_BUILD_DIR}/${FRAMEWORKS_FOLDER_PATH}/RxSwift.framework",
				"${TARGET_BUILD_DIR}/${FRAMEWORKS_FOLDER_PATH}/SwiftyJSON.framework",
			);
			runOnlyForDeploymentPostprocessing = 0;
			shellPath = /bin/sh;
			shellScript = "\"${SRCROOT}/Pods/Target Support Files/Pods-tryWebApiAndSaveToRealm/Pods-tryWebApiAndSaveToRealm-frameworks.sh\"\n";
			showEnvVarsInLog = 0;
		};
/* End PBXShellScriptBuildPhase section */

/* Begin PBXSourcesBuildPhase section */
		AD53A00D217B577400A3F9FC /* Sources */ = {
			isa = PBXSourcesBuildPhase;
			buildActionMask = 2147483647;
			files = (
				AD24E305217F74D8008E35F8 /* ReachabilityManager.swift in Sources */,
				ADAE9C342189F5F500615125 /* RxAVCaptureDepthDataOutputDelegate.swift in Sources */,
				AD697BD821887CCE002BC579 /* ResourcesState.swift in Sources */,
				ADBCCB472180973E009D7753 /* AutoSelSessionViewModel.swift in Sources */,
				AD295224217B5B24002DDE32 /* RoomsVC.swift in Sources */,
				ADAE9C2F2189F5F500615125 /* RxAVCaptureVideoDataOutputSampleBufferDelegate.swift in Sources */,
				AD5814AF2189B1AC009C593F /* CodeReport.swift in Sources */,
				AD295222217B5B24002DDE32 /* Model.swift in Sources */,
				AD29522D217B5EB0002DDE32 /* RoomViewModel.swift in Sources */,
				ADAE9C322189F5F500615125 /* RxAVCaptureMetadataCaptureDelegate.swift in Sources */,
				ADAE9C37218AFDB400615125 /* AlertWithRx.swift in Sources */,
				AD993AAF217B9D2000803BE2 /* BlocksVC.swift in Sources */,
				AD295225217B5B24002DDE32 /* APIController.swift in Sources */,
				ADAE9C302189F5F500615125 /* AVCaptureSession+Rx.swift in Sources */,
				AD993AB7217BC79400803BE2 /* SettingsViewModel.swift in Sources */,
				AD295221217B5B24002DDE32 /* AppDelegate.swift in Sources */,
				AD69BB6A2190948200EF80F9 /* UnsyncScansViewModel.swift in Sources */,
				AD993AB3217BAA8800803BE2 /* BlockViewModel.swift in Sources */,
				AD295223217B5B24002DDE32 /* AlwaysExtensions.swift in Sources */,
				ADAE9C242189F57D00615125 /* AVSessionViewModel.swift in Sources */,
				AD191487218EEFC000CD5B2F /* CodesDumper.swift in Sources */,
				AD191489218EF09300CD5B2F /* CodeReportState.swift in Sources */,
				AD80EFFC217DCE27003CEDD0 /* Block.swift in Sources */,
				ADAE9C332189F5F500615125 /* RxAVCapturePhotoCaptureDelegate.swift in Sources */,
				AD24E30C21807243008E35F8 /* ModelStructsAndNamespaces.swift in Sources */,
				ADA47212217F458D0078530E /* ScannerViewModel.swift in Sources */,
				AD993AB5217BC6C000803BE2 /* SettingsVC.swift in Sources */,
				ADB273A521807EFD00345A5E /* AutoSelectSessionsView.swift in Sources */,
				ADAE9C312189F5F500615125 /* RxAVCaptureDataOutputSynchronizerDelegate.swift in Sources */,
				AD697BD52188623A002BC579 /* GlobalVars.swift in Sources */,
				ADAE9C2E2189F5F500615125 /* Global.swift in Sources */,
				AD80EFFE217DD87D003CEDD0 /* ScannerVC.swift in Sources */,
				AD24E30A21806C4A008E35F8 /* WiFiConnectionView.swift in Sources */,
				AD80EFFA217DCDEA003CEDD0 /* Room.swift in Sources */,
				ADB2739F218078DD00345A5E /* UnsyncedScansView.swift in Sources */,
				AD4DCF02218EFFCF0054527E /* GlobalFuncs.swift in Sources */,
				AD80F002217DE65C003CEDD0 /* ModelData.swift in Sources */,
				AD697BD221885AF2002BC579 /* RealmDataPersister.swift in Sources */,
				AD28F6F12182122200A41BB8 /* RxExtensions.swift in Sources */,
			);
			runOnlyForDeploymentPostprocessing = 0;
		};
/* End PBXSourcesBuildPhase section */

/* Begin PBXVariantGroup section */
		AD53A01D217B577500A3F9FC /* LaunchScreen.storyboard */ = {
			isa = PBXVariantGroup;
			children = (
				AD53A01E217B577500A3F9FC /* Base */,
			);
			name = LaunchScreen.storyboard;
			sourceTree = "<group>";
		};
/* End PBXVariantGroup section */

/* Begin XCBuildConfiguration section */
		AD53A021217B577500A3F9FC /* Debug */ = {
			isa = XCBuildConfiguration;
			buildSettings = {
				ALWAYS_SEARCH_USER_PATHS = NO;
				CLANG_ANALYZER_NONNULL = YES;
				CLANG_ANALYZER_NUMBER_OBJECT_CONVERSION = YES_AGGRESSIVE;
				CLANG_CXX_LANGUAGE_STANDARD = "gnu++14";
				CLANG_CXX_LIBRARY = "libc++";
				CLANG_ENABLE_MODULES = YES;
				CLANG_ENABLE_OBJC_ARC = YES;
				CLANG_ENABLE_OBJC_WEAK = YES;
				CLANG_WARN_BLOCK_CAPTURE_AUTORELEASING = YES;
				CLANG_WARN_BOOL_CONVERSION = YES;
				CLANG_WARN_COMMA = YES;
				CLANG_WARN_CONSTANT_CONVERSION = YES;
				CLANG_WARN_DEPRECATED_OBJC_IMPLEMENTATIONS = YES;
				CLANG_WARN_DIRECT_OBJC_ISA_USAGE = YES_ERROR;
				CLANG_WARN_DOCUMENTATION_COMMENTS = YES;
				CLANG_WARN_EMPTY_BODY = YES;
				CLANG_WARN_ENUM_CONVERSION = YES;
				CLANG_WARN_INFINITE_RECURSION = YES;
				CLANG_WARN_INT_CONVERSION = YES;
				CLANG_WARN_NON_LITERAL_NULL_CONVERSION = YES;
				CLANG_WARN_OBJC_IMPLICIT_RETAIN_SELF = YES;
				CLANG_WARN_OBJC_LITERAL_CONVERSION = YES;
				CLANG_WARN_OBJC_ROOT_CLASS = YES_ERROR;
				CLANG_WARN_RANGE_LOOP_ANALYSIS = YES;
				CLANG_WARN_STRICT_PROTOTYPES = YES;
				CLANG_WARN_SUSPICIOUS_MOVE = YES;
				CLANG_WARN_UNGUARDED_AVAILABILITY = YES_AGGRESSIVE;
				CLANG_WARN_UNREACHABLE_CODE = YES;
				CLANG_WARN__DUPLICATE_METHOD_MATCH = YES;
				CODE_SIGN_IDENTITY = "iPhone Developer";
				COPY_PHASE_STRIP = NO;
				DEBUG_INFORMATION_FORMAT = dwarf;
				ENABLE_STRICT_OBJC_MSGSEND = YES;
				ENABLE_TESTABILITY = YES;
				GCC_C_LANGUAGE_STANDARD = gnu11;
				GCC_DYNAMIC_NO_PIC = NO;
				GCC_NO_COMMON_BLOCKS = YES;
				GCC_OPTIMIZATION_LEVEL = 0;
				GCC_PREPROCESSOR_DEFINITIONS = (
					"DEBUG=1",
					"$(inherited)",
				);
				GCC_WARN_64_TO_32_BIT_CONVERSION = YES;
				GCC_WARN_ABOUT_RETURN_TYPE = YES_ERROR;
				GCC_WARN_UNDECLARED_SELECTOR = YES;
				GCC_WARN_UNINITIALIZED_AUTOS = YES_AGGRESSIVE;
				GCC_WARN_UNUSED_FUNCTION = YES;
				GCC_WARN_UNUSED_VARIABLE = YES;
				IPHONEOS_DEPLOYMENT_TARGET = 12.0;
				MTL_ENABLE_DEBUG_INFO = INCLUDE_SOURCE;
				MTL_FAST_MATH = YES;
				ONLY_ACTIVE_ARCH = YES;
				SDKROOT = iphoneos;
				SWIFT_ACTIVE_COMPILATION_CONDITIONS = DEBUG;
				SWIFT_OPTIMIZATION_LEVEL = "-Onone";
			};
			name = Debug;
		};
		AD53A022217B577500A3F9FC /* Release */ = {
			isa = XCBuildConfiguration;
			buildSettings = {
				ALWAYS_SEARCH_USER_PATHS = NO;
				CLANG_ANALYZER_NONNULL = YES;
				CLANG_ANALYZER_NUMBER_OBJECT_CONVERSION = YES_AGGRESSIVE;
				CLANG_CXX_LANGUAGE_STANDARD = "gnu++14";
				CLANG_CXX_LIBRARY = "libc++";
				CLANG_ENABLE_MODULES = YES;
				CLANG_ENABLE_OBJC_ARC = YES;
				CLANG_ENABLE_OBJC_WEAK = YES;
				CLANG_WARN_BLOCK_CAPTURE_AUTORELEASING = YES;
				CLANG_WARN_BOOL_CONVERSION = YES;
				CLANG_WARN_COMMA = YES;
				CLANG_WARN_CONSTANT_CONVERSION = YES;
				CLANG_WARN_DEPRECATED_OBJC_IMPLEMENTATIONS = YES;
				CLANG_WARN_DIRECT_OBJC_ISA_USAGE = YES_ERROR;
				CLANG_WARN_DOCUMENTATION_COMMENTS = YES;
				CLANG_WARN_EMPTY_BODY = YES;
				CLANG_WARN_ENUM_CONVERSION = YES;
				CLANG_WARN_INFINITE_RECURSION = YES;
				CLANG_WARN_INT_CONVERSION = YES;
				CLANG_WARN_NON_LITERAL_NULL_CONVERSION = YES;
				CLANG_WARN_OBJC_IMPLICIT_RETAIN_SELF = YES;
				CLANG_WARN_OBJC_LITERAL_CONVERSION = YES;
				CLANG_WARN_OBJC_ROOT_CLASS = YES_ERROR;
				CLANG_WARN_RANGE_LOOP_ANALYSIS = YES;
				CLANG_WARN_STRICT_PROTOTYPES = YES;
				CLANG_WARN_SUSPICIOUS_MOVE = YES;
				CLANG_WARN_UNGUARDED_AVAILABILITY = YES_AGGRESSIVE;
				CLANG_WARN_UNREACHABLE_CODE = YES;
				CLANG_WARN__DUPLICATE_METHOD_MATCH = YES;
				CODE_SIGN_IDENTITY = "iPhone Developer";
				COPY_PHASE_STRIP = NO;
				DEBUG_INFORMATION_FORMAT = "dwarf-with-dsym";
				ENABLE_NS_ASSERTIONS = NO;
				ENABLE_STRICT_OBJC_MSGSEND = YES;
				GCC_C_LANGUAGE_STANDARD = gnu11;
				GCC_NO_COMMON_BLOCKS = YES;
				GCC_WARN_64_TO_32_BIT_CONVERSION = YES;
				GCC_WARN_ABOUT_RETURN_TYPE = YES_ERROR;
				GCC_WARN_UNDECLARED_SELECTOR = YES;
				GCC_WARN_UNINITIALIZED_AUTOS = YES_AGGRESSIVE;
				GCC_WARN_UNUSED_FUNCTION = YES;
				GCC_WARN_UNUSED_VARIABLE = YES;
				IPHONEOS_DEPLOYMENT_TARGET = 12.0;
				MTL_ENABLE_DEBUG_INFO = NO;
				MTL_FAST_MATH = YES;
				SDKROOT = iphoneos;
				SWIFT_OPTIMIZATION_LEVEL = "-Owholemodule";
				VALIDATE_PRODUCT = YES;
			};
			name = Release;
		};
		AD53A024217B577500A3F9FC /* Debug */ = {
			isa = XCBuildConfiguration;
			baseConfigurationReference = 5417D6DCB607BDFB0EEA9675 /* Pods-tryWebApiAndSaveToRealm.debug.xcconfig */;
			buildSettings = {
				ASSETCATALOG_COMPILER_APPICON_NAME = AppIcon;
				CODE_SIGN_STYLE = Automatic;
				DEVELOPMENT_TEAM = S26YPRY864;
				INFOPLIST_FILE = tryWebApiAndSaveToRealm/Info.plist;
				LD_RUNPATH_SEARCH_PATHS = "$(inherited) @executable_path/Frameworks";
				PRODUCT_BUNDLE_IDENTIFIER = com.dkrtalic.tryWebApiAndSaveToRealm;
				PRODUCT_NAME = "$(TARGET_NAME)";
				SWIFT_VERSION = 4.2;
				TARGETED_DEVICE_FAMILY = "1,2";
			};
			name = Debug;
		};
		AD53A025217B577500A3F9FC /* Release */ = {
			isa = XCBuildConfiguration;
			baseConfigurationReference = 42401D957459EB725DCF69A0 /* Pods-tryWebApiAndSaveToRealm.release.xcconfig */;
			buildSettings = {
				ASSETCATALOG_COMPILER_APPICON_NAME = AppIcon;
				CODE_SIGN_STYLE = Automatic;
				DEVELOPMENT_TEAM = S26YPRY864;
				INFOPLIST_FILE = tryWebApiAndSaveToRealm/Info.plist;
				LD_RUNPATH_SEARCH_PATHS = "$(inherited) @executable_path/Frameworks";
				PRODUCT_BUNDLE_IDENTIFIER = com.dkrtalic.tryWebApiAndSaveToRealm;
				PRODUCT_NAME = "$(TARGET_NAME)";
				SWIFT_VERSION = 4.2;
				TARGETED_DEVICE_FAMILY = "1,2";
			};
			name = Release;
		};
/* End XCBuildConfiguration section */

/* Begin XCConfigurationList section */
		AD53A00C217B577400A3F9FC /* Build configuration list for PBXProject "tryWebApiAndSaveToRealm" */ = {
			isa = XCConfigurationList;
			buildConfigurations = (
				AD53A021217B577500A3F9FC /* Debug */,
				AD53A022217B577500A3F9FC /* Release */,
			);
			defaultConfigurationIsVisible = 0;
			defaultConfigurationName = Release;
		};
		AD53A023217B577500A3F9FC /* Build configuration list for PBXNativeTarget "tryWebApiAndSaveToRealm" */ = {
			isa = XCConfigurationList;
			buildConfigurations = (
				AD53A024217B577500A3F9FC /* Debug */,
				AD53A025217B577500A3F9FC /* Release */,
			);
			defaultConfigurationIsVisible = 0;
			defaultConfigurationName = Release;
		};
/* End XCConfigurationList section */
	};
	rootObject = AD53A009217B577400A3F9FC /* Project object */;
}
